
Microsoft Visual Studio Solution File, Format Version 12.00
# Visual Studio 15
VisualStudioVersion = 15.0.26730.15
MinimumVisualStudioVersion = 10.0.40219.1
Project("{FAE04EC0-301F-11D3-BF4B-00C04F79EFBC}") = "Thesaurus", "Thesaurus\Thesaurus.csproj", "{384432AE-13D3-4C0A-BE41-A0735158CAAA}"
EndProject
Project("{FAE04EC0-301F-11D3-BF4B-00C04F79EFBC}") = "Thesaurus.Tests", "Thesaurus.Tests\Thesaurus.Tests.csproj", "{156001BC-9B9D-4152-9C99-B692F7DD79A2}"
EndProject
Project("{FAE04EC0-301F-11D3-BF4B-00C04F79EFBC}") = "Console_TEST_MustBeRemoved_!!!", "Console_TEST_MustBeRemoved\Console_TEST_MustBeRemoved_!!!.csproj", "{2F40B0BF-6E43-4A20-8E08-9E47CC99C375}"
EndProject
Project("{FAE04EC0-301F-11D3-BF4B-00C04F79EFBC}") = "Thesaurus_Application", "Thesaurus_Application\Thesaurus_Application.csproj", "{52CA7DB4-920D-4FD5-BDDE-56F9B5869D79}"
EndProject
Global
	GlobalSection(SolutionConfigurationPlatforms) = preSolution
		Debug|Any CPU = Debug|Any CPU
		Release|Any CPU = Release|Any CPU
	EndGlobalSection
	GlobalSection(ProjectConfigurationPlatforms) = postSolution
		{384432AE-13D3-4C0A-BE41-A0735158CAAA}.Debug|Any CPU.ActiveCfg = Debug|Any CPU
		{384432AE-13D3-4C0A-BE41-A0735158CAAA}.Debug|Any CPU.Build.0 = Debug|Any CPU
		{384432AE-13D3-4C0A-BE41-A0735158CAAA}.Release|Any CPU.ActiveCfg = Release|Any CPU
		{384432AE-13D3-4C0A-BE41-A0735158CAAA}.Release|Any CPU.Build.0 = Release|Any CPU
		{156001BC-9B9D-4152-9C99-B692F7DD79A2}.Debug|Any CPU.ActiveCfg = Debug|Any CPU
		{156001BC-9B9D-4152-9C99-B692F7DD79A2}.Debug|Any CPU.Build.0 = Debug|Any CPU
		{156001BC-9B9D-4152-9C99-B692F7DD79A2}.Release|Any CPU.ActiveCfg = Release|Any CPU
		{156001BC-9B9D-4152-9C99-B692F7DD79A2}.Release|Any CPU.Build.0 = Release|Any CPU
		{2F40B0BF-6E43-4A20-8E08-9E47CC99C375}.Debug|Any CPU.ActiveCfg = Debug|Any CPU
		{2F40B0BF-6E43-4A20-8E08-9E47CC99C375}.Debug|Any CPU.Build.0 = Debug|Any CPU
		{2F40B0BF-6E43-4A20-8E08-9E47CC99C375}.Release|Any CPU.ActiveCfg = Release|Any CPU
		{2F40B0BF-6E43-4A20-8E08-9E47CC99C375}.Release|Any CPU.Build.0 = Release|Any CPU
		{52CA7DB4-920D-4FD5-BDDE-56F9B5869D79}.Debug|Any CPU.ActiveCfg = Debug|Any CPU
		{52CA7DB4-920D-4FD5-BDDE-56F9B5869D79}.Debug|Any CPU.Build.0 = Debug|Any CPU
		{52CA7DB4-920D-4FD5-BDDE-56F9B5869D79}.Release|Any CPU.ActiveCfg = Release|Any CPU
		{52CA7DB4-920D-4FD5-BDDE-56F9B5869D79}.Release|Any CPU.Build.0 = Release|Any CPU
	EndGlobalSection
	GlobalSection(SolutionProperties) = preSolution
		HideSolutionNode = FALSE
	EndGlobalSection
	GlobalSection(ExtensibilityGlobals) = postSolution
		SolutionGuid = {BD891252-2344-4D4C-B19B-B6C6C7172054}
	EndGlobalSection
EndGlobal
